
Microsoft Visual Studio Solution File, Format Version 12.00
# Visual Studio Version 16
VisualStudioVersion = 16.0.34601.136
MinimumVisualStudioVersion = 10.0.40219.1
Project("{FAE04EC0-301F-11D3-BF4B-00C04F79EFBC}") = "punto de venta", "punto de venta\punto de venta.csproj", "{203BDE6C-627B-473A-884D-C45B0C57B243}"
EndProject
Global
	GlobalSection(SolutionConfigurationPlatforms) = preSolution
		Debug|Any CPU = Debug|Any CPU
		Release|Any CPU = Release|Any CPU
	EndGlobalSection
	GlobalSection(ProjectConfigurationPlatforms) = postSolution
		{203BDE6C-627B-473A-884D-C45B0C57B243}.Debug|Any CPU.ActiveCfg = Debug|Any CPU
		{203BDE6C-627B-473A-884D-C45B0C57B243}.Debug|Any CPU.Build.0 = Debug|Any CPU
		{203BDE6C-627B-473A-884D-C45B0C57B243}.Release|Any CPU.ActiveCfg = Release|Any CPU
		{203BDE6C-627B-473A-884D-C45B0C57B243}.Release|Any CPU.Build.0 = Release|Any CPU
	EndGlobalSection
	GlobalSection(SolutionProperties) = preSolution
		HideSolutionNode = FALSE
	EndGlobalSection
	GlobalSection(ExtensibilityGlobals) = postSolution
		SolutionGuid = {DB597426-5AFE-4A53-B66D-EB165715B7D4}
	EndGlobalSection
EndGlobal
